
Microsoft Visual Studio Solution File, Format Version 11.00
# Visual Studio 2010
Project("{FAE04EC0-301F-11D3-BF4B-00C04F79EFBC}") = "Fungus", "Fungus.csproj", "{121d916b-04d7-5de3-8069-2d185a9b5d76}"
EndProject
Project("{FAE04EC0-301F-11D3-BF4B-00C04F79EFBC}") = "Assembly-CSharp", "Assembly-CSharp.csproj", "{195fdcd2-a747-2288-8bf7-38543405e23d}"
EndProject
Project("{FAE04EC0-301F-11D3-BF4B-00C04F79EFBC}") = "FungusExamples", "FungusExamples.csproj", "{93124e2b-6ffe-09eb-58b4-984dd8c07f58}"
EndProject
Project("{FAE04EC0-301F-11D3-BF4B-00C04F79EFBC}") = "FungusEditor", "FungusEditor.csproj", "{9f3c1cf9-d470-e04d-e7b2-5970219f562f}"
EndProject
Project("{FAE04EC0-301F-11D3-BF4B-00C04F79EFBC}") = "Fungus.FungusLuaJSONCheckerEditor", "Fungus.FungusLuaJSONCheckerEditor.csproj", "{fb5bfa77-3b90-23f5-3489-623778b62a57}"
EndProject
Project("{FAE04EC0-301F-11D3-BF4B-00C04F79EFBC}") = "Fungus.FungusLuaEditor", "Fungus.FungusLuaEditor.csproj", "{e4d326c6-ce24-d87e-1a5a-33a56c91cad4}"
EndProject
Project("{FAE04EC0-301F-11D3-BF4B-00C04F79EFBC}") = "Fungus.UsfxrEditor", "Fungus.UsfxrEditor.csproj", "{eab1fd6c-4fc0-4c02-0adc-6e008882ce1c}"
EndProject
Project("{FAE04EC0-301F-11D3-BF4B-00C04F79EFBC}") = "Fungus.LineEndingsEditor", "Fungus.LineEndingsEditor.csproj", "{e50eb324-f37f-96c5-a414-acfa16017001}"
EndProject
Project("{FAE04EC0-301F-11D3-BF4B-00C04F79EFBC}") = "Assembly-CSharp-Editor", "Assembly-CSharp-Editor.csproj", "{7c486b0f-4647-e3d5-e9ac-3037aa45c11f}"
EndProject
Global
	GlobalSection(SolutionConfigurationPlatforms) = preSolution
		Debug|Any CPU = Debug|Any CPU
		Release|Any CPU = Release|Any CPU
	EndGlobalSection
	GlobalSection(ProjectConfigurationPlatforms) = postSolution
		{121d916b-04d7-5de3-8069-2d185a9b5d76}.Debug|Any CPU.ActiveCfg = Debug|Any CPU
		{121d916b-04d7-5de3-8069-2d185a9b5d76}.Debug|Any CPU.Build.0 = Debug|Any CPU
		{121d916b-04d7-5de3-8069-2d185a9b5d76}.Release|Any CPU.ActiveCfg = Release|Any CPU
		{121d916b-04d7-5de3-8069-2d185a9b5d76}.Release|Any CPU.Build.0 = Release|Any CPU
		{195fdcd2-a747-2288-8bf7-38543405e23d}.Debug|Any CPU.ActiveCfg = Debug|Any CPU
		{195fdcd2-a747-2288-8bf7-38543405e23d}.Debug|Any CPU.Build.0 = Debug|Any CPU
		{195fdcd2-a747-2288-8bf7-38543405e23d}.Release|Any CPU.ActiveCfg = Release|Any CPU
		{195fdcd2-a747-2288-8bf7-38543405e23d}.Release|Any CPU.Build.0 = Release|Any CPU
		{93124e2b-6ffe-09eb-58b4-984dd8c07f58}.Debug|Any CPU.ActiveCfg = Debug|Any CPU
		{93124e2b-6ffe-09eb-58b4-984dd8c07f58}.Debug|Any CPU.Build.0 = Debug|Any CPU
		{93124e2b-6ffe-09eb-58b4-984dd8c07f58}.Release|Any CPU.ActiveCfg = Release|Any CPU
		{93124e2b-6ffe-09eb-58b4-984dd8c07f58}.Release|Any CPU.Build.0 = Release|Any CPU
		{9f3c1cf9-d470-e04d-e7b2-5970219f562f}.Debug|Any CPU.ActiveCfg = Debug|Any CPU
		{9f3c1cf9-d470-e04d-e7b2-5970219f562f}.Debug|Any CPU.Build.0 = Debug|Any CPU
		{9f3c1cf9-d470-e04d-e7b2-5970219f562f}.Release|Any CPU.ActiveCfg = Release|Any CPU
		{9f3c1cf9-d470-e04d-e7b2-5970219f562f}.Release|Any CPU.Build.0 = Release|Any CPU
		{fb5bfa77-3b90-23f5-3489-623778b62a57}.Debug|Any CPU.ActiveCfg = Debug|Any CPU
		{fb5bfa77-3b90-23f5-3489-623778b62a57}.Debug|Any CPU.Build.0 = Debug|Any CPU
		{fb5bfa77-3b90-23f5-3489-623778b62a57}.Release|Any CPU.ActiveCfg = Release|Any CPU
		{fb5bfa77-3b90-23f5-3489-623778b62a57}.Release|Any CPU.Build.0 = Release|Any CPU
		{e4d326c6-ce24-d87e-1a5a-33a56c91cad4}.Debug|Any CPU.ActiveCfg = Debug|Any CPU
		{e4d326c6-ce24-d87e-1a5a-33a56c91cad4}.Debug|Any CPU.Build.0 = Debug|Any CPU
		{e4d326c6-ce24-d87e-1a5a-33a56c91cad4}.Release|Any CPU.ActiveCfg = Release|Any CPU
		{e4d326c6-ce24-d87e-1a5a-33a56c91cad4}.Release|Any CPU.Build.0 = Release|Any CPU
		{eab1fd6c-4fc0-4c02-0adc-6e008882ce1c}.Debug|Any CPU.ActiveCfg = Debug|Any CPU
		{eab1fd6c-4fc0-4c02-0adc-6e008882ce1c}.Debug|Any CPU.Build.0 = Debug|Any CPU
		{eab1fd6c-4fc0-4c02-0adc-6e008882ce1c}.Release|Any CPU.ActiveCfg = Release|Any CPU
		{eab1fd6c-4fc0-4c02-0adc-6e008882ce1c}.Release|Any CPU.Build.0 = Release|Any CPU
		{e50eb324-f37f-96c5-a414-acfa16017001}.Debug|Any CPU.ActiveCfg = Debug|Any CPU
		{e50eb324-f37f-96c5-a414-acfa16017001}.Debug|Any CPU.Build.0 = Debug|Any CPU
		{e50eb324-f37f-96c5-a414-acfa16017001}.Release|Any CPU.ActiveCfg = Release|Any CPU
		{e50eb324-f37f-96c5-a414-acfa16017001}.Release|Any CPU.Build.0 = Release|Any CPU
		{7c486b0f-4647-e3d5-e9ac-3037aa45c11f}.Debug|Any CPU.ActiveCfg = Debug|Any CPU
		{7c486b0f-4647-e3d5-e9ac-3037aa45c11f}.Debug|Any CPU.Build.0 = Debug|Any CPU
		{7c486b0f-4647-e3d5-e9ac-3037aa45c11f}.Release|Any CPU.ActiveCfg = Release|Any CPU
		{7c486b0f-4647-e3d5-e9ac-3037aa45c11f}.Release|Any CPU.Build.0 = Release|Any CPU
	EndGlobalSection
	GlobalSection(SolutionProperties) = preSolution
		HideSolutionNode = FALSE
	EndGlobalSection
EndGlobal
